
Microsoft Visual Studio Solution File, Format Version 12.00
# Visual Studio Version 16
VisualStudioVersion = 16.0.30804.86
MinimumVisualStudioVersion = 15.0.26124.0
Project("{9A19103F-16F7-4668-BE54-9A1E7A4F7556}") = "IdentityServer", "IdentityServer\IdentityServer.csproj", "{947B8636-26C5-4249-ABA5-756B3591990A}"
EndProject
Project("{FAE04EC0-301F-11D3-BF4B-00C04F79EFBC}") = "Api1", "Api1\Api1.csproj", "{32534FBD-9513-465C-BE6E-4D1392803E96}"
EndProject
Project("{FAE04EC0-301F-11D3-BF4B-00C04F79EFBC}") = "ConsoleClient", "ConsoleClient\ConsoleClient.csproj", "{24B4B9A1-E065-4653-9664-B651F8EB2CF2}"
EndProject
Project("{FAE04EC0-301F-11D3-BF4B-00C04F79EFBC}") = "MvcClient", "MvcClient\MvcClient.csproj", "{059EB723-B879-46BC-ADFA-0FB5FAD059F2}"
EndProject
Global
	GlobalSection(SolutionConfigurationPlatforms) = preSolution
		Debug|Any CPU = Debug|Any CPU
		Debug|x64 = Debug|x64
		Debug|x86 = Debug|x86
		Release|Any CPU = Release|Any CPU
		Release|x64 = Release|x64
		Release|x86 = Release|x86
	EndGlobalSection
	GlobalSection(ProjectConfigurationPlatforms) = postSolution
		{947B8636-26C5-4249-ABA5-756B3591990A}.Debug|Any CPU.ActiveCfg = Debug|Any CPU
		{947B8636-26C5-4249-ABA5-756B3591990A}.Debug|Any CPU.Build.0 = Debug|Any CPU
		{947B8636-26C5-4249-ABA5-756B3591990A}.Debug|x64.ActiveCfg = Debug|Any CPU
		{947B8636-26C5-4249-ABA5-756B3591990A}.Debug|x64.Build.0 = Debug|Any CPU
		{947B8636-26C5-4249-ABA5-756B3591990A}.Debug|x86.ActiveCfg = Debug|Any CPU
		{947B8636-26C5-4249-ABA5-756B3591990A}.Debug|x86.Build.0 = Debug|Any CPU
		{947B8636-26C5-4249-ABA5-756B3591990A}.Release|Any CPU.ActiveCfg = Release|Any CPU
		{947B8636-26C5-4249-ABA5-756B3591990A}.Release|Any CPU.Build.0 = Release|Any CPU
		{947B8636-26C5-4249-ABA5-756B3591990A}.Release|x64.ActiveCfg = Release|Any CPU
		{947B8636-26C5-4249-ABA5-756B3591990A}.Release|x64.Build.0 = Release|Any CPU
		{947B8636-26C5-4249-ABA5-756B3591990A}.Release|x86.ActiveCfg = Release|Any CPU
		{947B8636-26C5-4249-ABA5-756B3591990A}.Release|x86.Build.0 = Release|Any CPU
		{32534FBD-9513-465C-BE6E-4D1392803E96}.Debug|Any CPU.ActiveCfg = Debug|Any CPU
		{32534FBD-9513-465C-BE6E-4D1392803E96}.Debug|Any CPU.Build.0 = Debug|Any CPU
		{32534FBD-9513-465C-BE6E-4D1392803E96}.Debug|x64.ActiveCfg = Debug|Any CPU
		{32534FBD-9513-465C-BE6E-4D1392803E96}.Debug|x64.Build.0 = Debug|Any CPU
		{32534FBD-9513-465C-BE6E-4D1392803E96}.Debug|x86.ActiveCfg = Debug|Any CPU
		{32534FBD-9513-465C-BE6E-4D1392803E96}.Debug|x86.Build.0 = Debug|Any CPU
		{32534FBD-9513-465C-BE6E-4D1392803E96}.Release|Any CPU.ActiveCfg = Release|Any CPU
		{32534FBD-9513-465C-BE6E-4D1392803E96}.Release|Any CPU.Build.0 = Release|Any CPU
		{32534FBD-9513-465C-BE6E-4D1392803E96}.Release|x64.ActiveCfg = Release|Any CPU
		{32534FBD-9513-465C-BE6E-4D1392803E96}.Release|x64.Build.0 = Release|Any CPU
		{32534FBD-9513-465C-BE6E-4D1392803E96}.Release|x86.ActiveCfg = Release|Any CPU
		{32534FBD-9513-465C-BE6E-4D1392803E96}.Release|x86.Build.0 = Release|Any CPU
		{24B4B9A1-E065-4653-9664-B651F8EB2CF2}.Debug|Any CPU.ActiveCfg = Debug|Any CPU
		{24B4B9A1-E065-4653-9664-B651F8EB2CF2}.Debug|Any CPU.Build.0 = Debug|Any CPU
		{24B4B9A1-E065-4653-9664-B651F8EB2CF2}.Debug|x64.ActiveCfg = Debug|Any CPU
		{24B4B9A1-E065-4653-9664-B651F8EB2CF2}.Debug|x64.Build.0 = Debug|Any CPU
		{24B4B9A1-E065-4653-9664-B651F8EB2CF2}.Debug|x86.ActiveCfg = Debug|Any CPU
		{24B4B9A1-E065-4653-9664-B651F8EB2CF2}.Debug|x86.Build.0 = Debug|Any CPU
		{24B4B9A1-E065-4653-9664-B651F8EB2CF2}.Release|Any CPU.ActiveCfg = Release|Any CPU
		{24B4B9A1-E065-4653-9664-B651F8EB2CF2}.Release|Any CPU.Build.0 = Release|Any CPU
		{24B4B9A1-E065-4653-9664-B651F8EB2CF2}.Release|x64.ActiveCfg = Release|Any CPU
		{24B4B9A1-E065-4653-9664-B651F8EB2CF2}.Release|x64.Build.0 = Release|Any CPU
		{24B4B9A1-E065-4653-9664-B651F8EB2CF2}.Release|x86.ActiveCfg = Release|Any CPU
		{24B4B9A1-E065-4653-9664-B651F8EB2CF2}.Release|x86.Build.0 = Release|Any CPU
		{059EB723-B879-46BC-ADFA-0FB5FAD059F2}.Debug|Any CPU.ActiveCfg = Debug|Any CPU
		{059EB723-B879-46BC-ADFA-0FB5FAD059F2}.Debug|Any CPU.Build.0 = Debug|Any CPU
		{059EB723-B879-46BC-ADFA-0FB5FAD059F2}.Debug|x64.ActiveCfg = Debug|Any CPU
		{059EB723-B879-46BC-ADFA-0FB5FAD059F2}.Debug|x64.Build.0 = Debug|Any CPU
		{059EB723-B879-46BC-ADFA-0FB5FAD059F2}.Debug|x86.ActiveCfg = Debug|Any CPU
		{059EB723-B879-46BC-ADFA-0FB5FAD059F2}.Debug|x86.Build.0 = Debug|Any CPU
		{059EB723-B879-46BC-ADFA-0FB5FAD059F2}.Release|Any CPU.ActiveCfg = Release|Any CPU
		{059EB723-B879-46BC-ADFA-0FB5FAD059F2}.Release|Any CPU.Build.0 = Release|Any CPU
		{059EB723-B879-46BC-ADFA-0FB5FAD059F2}.Release|x64.ActiveCfg = Release|Any CPU
		{059EB723-B879-46BC-ADFA-0FB5FAD059F2}.Release|x64.Build.0 = Release|Any CPU
		{059EB723-B879-46BC-ADFA-0FB5FAD059F2}.Release|x86.ActiveCfg = Release|Any CPU
		{059EB723-B879-46BC-ADFA-0FB5FAD059F2}.Release|x86.Build.0 = Release|Any CPU
	EndGlobalSection
	GlobalSection(SolutionProperties) = preSolution
		HideSolutionNode = FALSE
	EndGlobalSection
	GlobalSection(ExtensibilityGlobals) = postSolution
		SolutionGuid = {A7067769-9800-4FCC-A009-F982BFF78C52}
	EndGlobalSection
EndGlobal
